
Microsoft Visual Studio Solution File, Format Version 12.00
# Visual Studio Version 17
VisualStudioVersion = 17.7.34024.191
MinimumVisualStudioVersion = 10.0.40219.1
Project("{FAE04EC0-301F-11D3-BF4B-00C04F79EFBC}") = "ejercicio1", "ejercicio1\ejercicio1.csproj", "{DD4FB08F-7B96-4EE9-B571-F0AC7AC4B791}"
EndProject
Global
	GlobalSection(SolutionConfigurationPlatforms) = preSolution
		Debug|Any CPU = Debug|Any CPU
		Release|Any CPU = Release|Any CPU
	EndGlobalSection
	GlobalSection(ProjectConfigurationPlatforms) = postSolution
		{DD4FB08F-7B96-4EE9-B571-F0AC7AC4B791}.Debug|Any CPU.ActiveCfg = Debug|Any CPU
		{DD4FB08F-7B96-4EE9-B571-F0AC7AC4B791}.Debug|Any CPU.Build.0 = Debug|Any CPU
		{DD4FB08F-7B96-4EE9-B571-F0AC7AC4B791}.Release|Any CPU.ActiveCfg = Release|Any CPU
		{DD4FB08F-7B96-4EE9-B571-F0AC7AC4B791}.Release|Any CPU.Build.0 = Release|Any CPU
	EndGlobalSection
	GlobalSection(SolutionProperties) = preSolution
		HideSolutionNode = FALSE
	EndGlobalSection
	GlobalSection(ExtensibilityGlobals) = postSolution
		SolutionGuid = {FA83CBE8-9386-46B9-8AF1-3D4E4E03EAD0}
	EndGlobalSection
EndGlobal
